
Microsoft Visual Studio Solution File, Format Version 12.00
# Visual Studio Version 17
VisualStudioVersion = 17.14.36401.2
MinimumVisualStudioVersion = 10.0.40219.1
Project("{FAE04EC0-301F-11D3-BF4B-00C04F79EFBC}") = "SchoolManagementSystem", "SchoolManagementSystem\SchoolManagementSystem.csproj", "{F9B1BBB0-1A96-4FD5-B931-DF699C4A6AA6}"
EndProject
Project("{FAE04EC0-301F-11D3-BF4B-00C04F79EFBC}") = "Exam_management_system", "Exam_management_system\Exam_management_system.csproj", "{40480826-93B8-43A9-AC09-8F956C22CFC9}"
EndProject
Project("{FAE04EC0-301F-11D3-BF4B-00C04F79EFBC}") = "P01_StudentSystem", "Student system\P01_StudentSystem.csproj", "{10A254AC-58ED-48C6-9547-8231140D5FF6}"
EndProject
Project("{FAE04EC0-301F-11D3-BF4B-00C04F79EFBC}") = "P02_SalesDatabase", "P02_SalesDatabase\P02_SalesDatabase.csproj", "{863A1F56-8BD6-4990-8CCA-26B71897BC5A}"
EndProject
Global
	GlobalSection(SolutionConfigurationPlatforms) = preSolution
		Debug|Any CPU = Debug|Any CPU
		Release|Any CPU = Release|Any CPU
	EndGlobalSection
	GlobalSection(ProjectConfigurationPlatforms) = postSolution
		{F9B1BBB0-1A96-4FD5-B931-DF699C4A6AA6}.Debug|Any CPU.ActiveCfg = Debug|Any CPU
		{F9B1BBB0-1A96-4FD5-B931-DF699C4A6AA6}.Debug|Any CPU.Build.0 = Debug|Any CPU
		{F9B1BBB0-1A96-4FD5-B931-DF699C4A6AA6}.Release|Any CPU.ActiveCfg = Release|Any CPU
		{F9B1BBB0-1A96-4FD5-B931-DF699C4A6AA6}.Release|Any CPU.Build.0 = Release|Any CPU
		{40480826-93B8-43A9-AC09-8F956C22CFC9}.Debug|Any CPU.ActiveCfg = Debug|Any CPU
		{40480826-93B8-43A9-AC09-8F956C22CFC9}.Debug|Any CPU.Build.0 = Debug|Any CPU
		{40480826-93B8-43A9-AC09-8F956C22CFC9}.Release|Any CPU.ActiveCfg = Release|Any CPU
		{40480826-93B8-43A9-AC09-8F956C22CFC9}.Release|Any CPU.Build.0 = Release|Any CPU
		{10A254AC-58ED-48C6-9547-8231140D5FF6}.Debug|Any CPU.ActiveCfg = Debug|Any CPU
		{10A254AC-58ED-48C6-9547-8231140D5FF6}.Debug|Any CPU.Build.0 = Debug|Any CPU
		{10A254AC-58ED-48C6-9547-8231140D5FF6}.Release|Any CPU.ActiveCfg = Release|Any CPU
		{10A254AC-58ED-48C6-9547-8231140D5FF6}.Release|Any CPU.Build.0 = Release|Any CPU
		{863A1F56-8BD6-4990-8CCA-26B71897BC5A}.Debug|Any CPU.ActiveCfg = Debug|Any CPU
		{863A1F56-8BD6-4990-8CCA-26B71897BC5A}.Debug|Any CPU.Build.0 = Debug|Any CPU
		{863A1F56-8BD6-4990-8CCA-26B71897BC5A}.Release|Any CPU.ActiveCfg = Release|Any CPU
		{863A1F56-8BD6-4990-8CCA-26B71897BC5A}.Release|Any CPU.Build.0 = Release|Any CPU
	EndGlobalSection
	GlobalSection(SolutionProperties) = preSolution
		HideSolutionNode = FALSE
	EndGlobalSection
	GlobalSection(ExtensibilityGlobals) = postSolution
		SolutionGuid = {2758B615-8885-42D2-816A-D5A013E98111}
	EndGlobalSection
EndGlobal
